
Microsoft Visual Studio Solution File, Format Version 12.00
# Visual Studio Version 16
VisualStudioVersion = 16.0.30330.147
MinimumVisualStudioVersion = 10.0.40219.1
Project("{FAE04EC0-301F-11D3-BF4B-00C04F79EFBC}") = "Subdomain Routing Test", "Subdomain Routing Test.csproj", "{38696AFE-7B1F-4C18-8E76-A1ED762F85B8}"
EndProject
Global
	GlobalSection(SolutionConfigurationPlatforms) = preSolution
		Debug|Any CPU = Debug|Any CPU
		Release|Any CPU = Release|Any CPU
	EndGlobalSection
	GlobalSection(ProjectConfigurationPlatforms) = postSolution
		{38696AFE-7B1F-4C18-8E76-A1ED762F85B8}.Debug|Any CPU.ActiveCfg = Debug|Any CPU
		{38696AFE-7B1F-4C18-8E76-A1ED762F85B8}.Debug|Any CPU.Build.0 = Debug|Any CPU
		{38696AFE-7B1F-4C18-8E76-A1ED762F85B8}.Release|Any CPU.ActiveCfg = Release|Any CPU
		{38696AFE-7B1F-4C18-8E76-A1ED762F85B8}.Release|Any CPU.Build.0 = Release|Any CPU
	EndGlobalSection
	GlobalSection(SolutionProperties) = preSolution
		HideSolutionNode = FALSE
	EndGlobalSection
	GlobalSection(ExtensibilityGlobals) = postSolution
		SolutionGuid = {EF36486E-4D7E-4694-91EA-D65E9F2EED96}
	EndGlobalSection
EndGlobal
